
Microsoft Visual Studio Solution File, Format Version 12.00
# Visual Studio Version 16
VisualStudioVersion = 16.0.29519.87
MinimumVisualStudioVersion = 10.0.40219.1
Project("{FAE04EC0-301F-11D3-BF4B-00C04F79EFBC}") = "Advanced C - Part 1", "06 Advanced C - Part 1\Advanced C - Part 1.csproj", "{C3ABB07C-3500-4C8B-94A1-089C73B2B72F}"
EndProject
Project("{9A19103F-16F7-4668-BE54-9A1E7A4F7556}") = "Advanced C - Part 2", "07 Advanced C - Part 2\Advanced C - Part 2.csproj", "{BC4B73B0-41FA-48C0-9BB6-9D005C1CADF1}"
EndProject
Project("{9A19103F-16F7-4668-BE54-9A1E7A4F7556}") = "Advanced C - Part 3", "08 Advanced C - Part 3\Advanced C - Part 3.csproj", "{AE6C963C-7B54-422C-BCBE-B76CBA717527}"
EndProject
Project("{FAE04EC0-301F-11D3-BF4B-00C04F79EFBC}") = "Advanced C - Part 4", "09 Advanced C - Part 4\Advanced C - Part 4.csproj", "{70269738-5DED-4D95-9901-D2C9377F6897}"
EndProject
Global
	GlobalSection(SolutionConfigurationPlatforms) = preSolution
		Debug|Any CPU = Debug|Any CPU
		Release|Any CPU = Release|Any CPU
	EndGlobalSection
	GlobalSection(ProjectConfigurationPlatforms) = postSolution
		{C3ABB07C-3500-4C8B-94A1-089C73B2B72F}.Debug|Any CPU.ActiveCfg = Debug|Any CPU
		{C3ABB07C-3500-4C8B-94A1-089C73B2B72F}.Debug|Any CPU.Build.0 = Debug|Any CPU
		{C3ABB07C-3500-4C8B-94A1-089C73B2B72F}.Release|Any CPU.ActiveCfg = Release|Any CPU
		{C3ABB07C-3500-4C8B-94A1-089C73B2B72F}.Release|Any CPU.Build.0 = Release|Any CPU
		{BC4B73B0-41FA-48C0-9BB6-9D005C1CADF1}.Debug|Any CPU.ActiveCfg = Debug|Any CPU
		{BC4B73B0-41FA-48C0-9BB6-9D005C1CADF1}.Debug|Any CPU.Build.0 = Debug|Any CPU
		{BC4B73B0-41FA-48C0-9BB6-9D005C1CADF1}.Release|Any CPU.ActiveCfg = Release|Any CPU
		{BC4B73B0-41FA-48C0-9BB6-9D005C1CADF1}.Release|Any CPU.Build.0 = Release|Any CPU
		{AE6C963C-7B54-422C-BCBE-B76CBA717527}.Debug|Any CPU.ActiveCfg = Debug|Any CPU
		{AE6C963C-7B54-422C-BCBE-B76CBA717527}.Debug|Any CPU.Build.0 = Debug|Any CPU
		{AE6C963C-7B54-422C-BCBE-B76CBA717527}.Release|Any CPU.ActiveCfg = Release|Any CPU
		{AE6C963C-7B54-422C-BCBE-B76CBA717527}.Release|Any CPU.Build.0 = Release|Any CPU
		{70269738-5DED-4D95-9901-D2C9377F6897}.Debug|Any CPU.ActiveCfg = Debug|Any CPU
		{70269738-5DED-4D95-9901-D2C9377F6897}.Debug|Any CPU.Build.0 = Debug|Any CPU
		{70269738-5DED-4D95-9901-D2C9377F6897}.Release|Any CPU.ActiveCfg = Release|Any CPU
		{70269738-5DED-4D95-9901-D2C9377F6897}.Release|Any CPU.Build.0 = Release|Any CPU
	EndGlobalSection
	GlobalSection(SolutionProperties) = preSolution
		HideSolutionNode = FALSE
	EndGlobalSection
	GlobalSection(ExtensibilityGlobals) = postSolution
		SolutionGuid = {2E71A9AB-F6B5-4D74-A7A1-CC99842BB790}
	EndGlobalSection
EndGlobal
